
Microsoft Visual Studio Solution File, Format Version 12.00
# Visual Studio 15
VisualStudioVersion = 15.0.27703.2026
MinimumVisualStudioVersion = 10.0.40219.1
Project("{8BC9CEB8-8B4A-11D0-8D11-00A0C91BC942}") = "Project1", "Project1\Project1.vcxproj", "{725CDF49-DE58-460D-B889-D99E01C8E3FC}"
EndProject
Project("{8BC9CEB8-8B4A-11D0-8D11-00A0C91BC942}") = "Project2", "Project2\Project2.vcxproj", "{F2469D53-06E9-4AB9-AA76-C3A583F72FA9}"
EndProject
Project("{8BC9CEB8-8B4A-11D0-8D11-00A0C91BC942}") = "Project3", "Project3\Project3.vcxproj", "{56C87B22-A8B1-4FAA-8736-CE43DB920293}"
EndProject
Project("{8BC9CEB8-8B4A-11D0-8D11-00A0C91BC942}") = "Project4", "Project4\Project4.vcxproj", "{F7066D34-123C-4B7D-8621-86FBADB5EA7C}"
EndProject
Global
	GlobalSection(SolutionConfigurationPlatforms) = preSolution
		Debug|x64 = Debug|x64
		Debug|x86 = Debug|x86
		Release|x64 = Release|x64
		Release|x86 = Release|x86
	EndGlobalSection
	GlobalSection(ProjectConfigurationPlatforms) = postSolution
		{725CDF49-DE58-460D-B889-D99E01C8E3FC}.Debug|x64.ActiveCfg = Debug|x64
		{725CDF49-DE58-460D-B889-D99E01C8E3FC}.Debug|x64.Build.0 = Debug|x64
		{725CDF49-DE58-460D-B889-D99E01C8E3FC}.Debug|x86.ActiveCfg = Debug|Win32
		{725CDF49-DE58-460D-B889-D99E01C8E3FC}.Debug|x86.Build.0 = Debug|Win32
		{725CDF49-DE58-460D-B889-D99E01C8E3FC}.Release|x64.ActiveCfg = Release|x64
		{725CDF49-DE58-460D-B889-D99E01C8E3FC}.Release|x64.Build.0 = Release|x64
		{725CDF49-DE58-460D-B889-D99E01C8E3FC}.Release|x86.ActiveCfg = Release|Win32
		{725CDF49-DE58-460D-B889-D99E01C8E3FC}.Release|x86.Build.0 = Release|Win32
		{F2469D53-06E9-4AB9-AA76-C3A583F72FA9}.Debug|x64.ActiveCfg = Debug|x64
		{F2469D53-06E9-4AB9-AA76-C3A583F72FA9}.Debug|x64.Build.0 = Debug|x64
		{F2469D53-06E9-4AB9-AA76-C3A583F72FA9}.Debug|x86.ActiveCfg = Debug|Win32
		{F2469D53-06E9-4AB9-AA76-C3A583F72FA9}.Debug|x86.Build.0 = Debug|Win32
		{F2469D53-06E9-4AB9-AA76-C3A583F72FA9}.Release|x64.ActiveCfg = Release|x64
		{F2469D53-06E9-4AB9-AA76-C3A583F72FA9}.Release|x64.Build.0 = Release|x64
		{F2469D53-06E9-4AB9-AA76-C3A583F72FA9}.Release|x86.ActiveCfg = Release|Win32
		{F2469D53-06E9-4AB9-AA76-C3A583F72FA9}.Release|x86.Build.0 = Release|Win32
		{56C87B22-A8B1-4FAA-8736-CE43DB920293}.Debug|x64.ActiveCfg = Debug|x64
		{56C87B22-A8B1-4FAA-8736-CE43DB920293}.Debug|x64.Build.0 = Debug|x64
		{56C87B22-A8B1-4FAA-8736-CE43DB920293}.Debug|x86.ActiveCfg = Debug|Win32
		{56C87B22-A8B1-4FAA-8736-CE43DB920293}.Debug|x86.Build.0 = Debug|Win32
		{56C87B22-A8B1-4FAA-8736-CE43DB920293}.Release|x64.ActiveCfg = Release|x64
		{56C87B22-A8B1-4FAA-8736-CE43DB920293}.Release|x64.Build.0 = Release|x64
		{56C87B22-A8B1-4FAA-8736-CE43DB920293}.Release|x86.ActiveCfg = Release|Win32
		{56C87B22-A8B1-4FAA-8736-CE43DB920293}.Release|x86.Build.0 = Release|Win32
		{F7066D34-123C-4B7D-8621-86FBADB5EA7C}.Debug|x64.ActiveCfg = Debug|x64
		{F7066D34-123C-4B7D-8621-86FBADB5EA7C}.Debug|x64.Build.0 = Debug|x64
		{F7066D34-123C-4B7D-8621-86FBADB5EA7C}.Debug|x86.ActiveCfg = Debug|Win32
		{F7066D34-123C-4B7D-8621-86FBADB5EA7C}.Debug|x86.Build.0 = Debug|Win32
		{F7066D34-123C-4B7D-8621-86FBADB5EA7C}.Release|x64.ActiveCfg = Release|x64
		{F7066D34-123C-4B7D-8621-86FBADB5EA7C}.Release|x64.Build.0 = Release|x64
		{F7066D34-123C-4B7D-8621-86FBADB5EA7C}.Release|x86.ActiveCfg = Release|Win32
		{F7066D34-123C-4B7D-8621-86FBADB5EA7C}.Release|x86.Build.0 = Release|Win32
	EndGlobalSection
	GlobalSection(SolutionProperties) = preSolution
		HideSolutionNode = FALSE
	EndGlobalSection
	GlobalSection(ExtensibilityGlobals) = postSolution
		SolutionGuid = {E8615C28-FADE-4F64-8B71-53E525CAE215}
	EndGlobalSection
EndGlobal
